
Microsoft Visual Studio Solution File, Format Version 12.00
# Visual Studio Version 16
VisualStudioVersion = 16.0.29613.14
MinimumVisualStudioVersion = 10.0.40219.1
Project("{FAE04EC0-301F-11D3-BF4B-00C04F79EFBC}") = "WpfApp1", "WpfApp1\WpfApp1.csproj", "{409404C4-0BAC-4989-8A7C-21D10CC16009}"
EndProject
Project("{FAE04EC0-301F-11D3-BF4B-00C04F79EFBC}") = "ClassLibrary1", "ClassLibrary1\ClassLibrary1.csproj", "{DED62EF9-01B6-431D-B42A-82D19C5D6FAB}"
EndProject
Global
	GlobalSection(SolutionConfigurationPlatforms) = preSolution
		Debug|Any CPU = Debug|Any CPU
		Release|Any CPU = Release|Any CPU
	EndGlobalSection
	GlobalSection(ProjectConfigurationPlatforms) = postSolution
		{409404C4-0BAC-4989-8A7C-21D10CC16009}.Debug|Any CPU.ActiveCfg = Debug|Any CPU
		{409404C4-0BAC-4989-8A7C-21D10CC16009}.Debug|Any CPU.Build.0 = Debug|Any CPU
		{409404C4-0BAC-4989-8A7C-21D10CC16009}.Release|Any CPU.ActiveCfg = Release|Any CPU
		{409404C4-0BAC-4989-8A7C-21D10CC16009}.Release|Any CPU.Build.0 = Release|Any CPU
		{DED62EF9-01B6-431D-B42A-82D19C5D6FAB}.Debug|Any CPU.ActiveCfg = Debug|Any CPU
		{DED62EF9-01B6-431D-B42A-82D19C5D6FAB}.Debug|Any CPU.Build.0 = Debug|Any CPU
		{DED62EF9-01B6-431D-B42A-82D19C5D6FAB}.Release|Any CPU.ActiveCfg = Release|Any CPU
		{DED62EF9-01B6-431D-B42A-82D19C5D6FAB}.Release|Any CPU.Build.0 = Release|Any CPU
	EndGlobalSection
	GlobalSection(SolutionProperties) = preSolution
		HideSolutionNode = FALSE
	EndGlobalSection
	GlobalSection(ExtensibilityGlobals) = postSolution
		SolutionGuid = {059FEBE5-97FB-41A5-91DF-F4F04841D651}
	EndGlobalSection
EndGlobal
